
Microsoft Visual Studio Solution File, Format Version 11.00
# Visual Studio 2010
Project("{E24C65DC-7377-472B-9ABA-BC803B73C61A}") = "my own website", ".", "{657DFE5A-58F0-4123-A2A6-8AF2184007AF}"
	ProjectSection(WebsiteProperties) = preProject
		TargetFrameworkMoniker = ".NETFramework,Version%3Dv4.0"
		Debug.AspNetCompiler.VirtualPath = "/my own website"
		Debug.AspNetCompiler.PhysicalPath = "..\my own website\"
		Debug.AspNetCompiler.TargetPath = "PrecompiledWeb\my own website\"
		Debug.AspNetCompiler.Updateable = "true"
		Debug.AspNetCompiler.ForceOverwrite = "true"
		Debug.AspNetCompiler.FixedNames = "false"
		Debug.AspNetCompiler.Debug = "True"
		Release.AspNetCompiler.VirtualPath = "/my own website"
		Release.AspNetCompiler.PhysicalPath = "..\my own website\"
		Release.AspNetCompiler.TargetPath = "PrecompiledWeb\my own website\"
		Release.AspNetCompiler.Updateable = "true"
		Release.AspNetCompiler.ForceOverwrite = "true"
		Release.AspNetCompiler.FixedNames = "false"
		Release.AspNetCompiler.Debug = "False"
		VWDPort = "30569"
	EndProjectSection
EndProject
Global
	GlobalSection(SolutionConfigurationPlatforms) = preSolution
		Debug|Any CPU = Debug|Any CPU
	EndGlobalSection
	GlobalSection(ProjectConfigurationPlatforms) = postSolution
		{657DFE5A-58F0-4123-A2A6-8AF2184007AF}.Debug|Any CPU.ActiveCfg = Debug|Any CPU
		{657DFE5A-58F0-4123-A2A6-8AF2184007AF}.Debug|Any CPU.Build.0 = Debug|Any CPU
	EndGlobalSection
	GlobalSection(SolutionProperties) = preSolution
		HideSolutionNode = FALSE
	EndGlobalSection
EndGlobal
